
Microsoft Visual Studio Solution File, Format Version 12.00
# Visual Studio Version 17
VisualStudioVersion = 17.4.33213.308
MinimumVisualStudioVersion = 10.0.40219.1
Project("{9A19103F-16F7-4668-BE54-9A1E7A4F7556}") = "GithubActions", "GithubActions\GithubActions.csproj", "{3EE0652B-AF69-4BB7-9170-BA06D3BB4754}"
EndProject
Project("{FAE04EC0-301F-11D3-BF4B-00C04F79EFBC}") = "TestProject1", "TestProject1\TestProject1.csproj", "{85C5127A-FE67-4931-AC82-EC5A88D53886}"
EndProject
Global
	GlobalSection(SolutionConfigurationPlatforms) = preSolution
		Debug|Any CPU = Debug|Any CPU
		Release|Any CPU = Release|Any CPU
	EndGlobalSection
	GlobalSection(ProjectConfigurationPlatforms) = postSolution
		{3EE0652B-AF69-4BB7-9170-BA06D3BB4754}.Debug|Any CPU.ActiveCfg = Debug|Any CPU
		{3EE0652B-AF69-4BB7-9170-BA06D3BB4754}.Debug|Any CPU.Build.0 = Debug|Any CPU
		{3EE0652B-AF69-4BB7-9170-BA06D3BB4754}.Release|Any CPU.ActiveCfg = Release|Any CPU
		{3EE0652B-AF69-4BB7-9170-BA06D3BB4754}.Release|Any CPU.Build.0 = Release|Any CPU
		{85C5127A-FE67-4931-AC82-EC5A88D53886}.Debug|Any CPU.ActiveCfg = Debug|Any CPU
		{85C5127A-FE67-4931-AC82-EC5A88D53886}.Debug|Any CPU.Build.0 = Debug|Any CPU
		{85C5127A-FE67-4931-AC82-EC5A88D53886}.Release|Any CPU.ActiveCfg = Release|Any CPU
		{85C5127A-FE67-4931-AC82-EC5A88D53886}.Release|Any CPU.Build.0 = Release|Any CPU
	EndGlobalSection
	GlobalSection(SolutionProperties) = preSolution
		HideSolutionNode = FALSE
	EndGlobalSection
	GlobalSection(ExtensibilityGlobals) = postSolution
		SolutionGuid = {8B96ABA8-0BF1-4269-8553-5025E6BFF018}
	EndGlobalSection
EndGlobal
